
Microsoft Visual Studio Solution File, Format Version 12.00
# Visual Studio Version 16
VisualStudioVersion = 16.0.32106.194
MinimumVisualStudioVersion = 10.0.40219.1
Project("{9A19103F-16F7-4668-BE54-9A1E7A4F7556}") = "JustFindJob.IDP", "JustFindJob.IDP.csproj", "{06C6894F-2615-4603-BC66-522FDB9351A4}"
EndProject
Global
	GlobalSection(SolutionConfigurationPlatforms) = preSolution
		Debug|Any CPU = Debug|Any CPU
		Release|Any CPU = Release|Any CPU
	EndGlobalSection
	GlobalSection(ProjectConfigurationPlatforms) = postSolution
		{06C6894F-2615-4603-BC66-522FDB9351A4}.Debug|Any CPU.ActiveCfg = Debug|Any CPU
		{06C6894F-2615-4603-BC66-522FDB9351A4}.Debug|Any CPU.Build.0 = Debug|Any CPU
		{06C6894F-2615-4603-BC66-522FDB9351A4}.Release|Any CPU.ActiveCfg = Release|Any CPU
		{06C6894F-2615-4603-BC66-522FDB9351A4}.Release|Any CPU.Build.0 = Release|Any CPU
	EndGlobalSection
	GlobalSection(SolutionProperties) = preSolution
		HideSolutionNode = FALSE
	EndGlobalSection
	GlobalSection(ExtensibilityGlobals) = postSolution
		SolutionGuid = {AA5DD408-1A7E-4E29-A640-9D66287D6244}
	EndGlobalSection
EndGlobal
